
Microsoft Visual Studio Solution File, Format Version 12.00
# Visual Studio Version 17
VisualStudioVersion = 17.0.32014.148
MinimumVisualStudioVersion = 10.0.40219.1
Project("{FAE04EC0-301F-11D3-BF4B-00C04F79EFBC}") = "egyszamjatek", "egyszamjatek\egyszamjatek.csproj", "{664D354A-560E-4B92-89BE-DDD2A5A05B47}"
EndProject
Global
	GlobalSection(SolutionConfigurationPlatforms) = preSolution
		Debug|Any CPU = Debug|Any CPU
		Release|Any CPU = Release|Any CPU
	EndGlobalSection
	GlobalSection(ProjectConfigurationPlatforms) = postSolution
		{664D354A-560E-4B92-89BE-DDD2A5A05B47}.Debug|Any CPU.ActiveCfg = Debug|Any CPU
		{664D354A-560E-4B92-89BE-DDD2A5A05B47}.Debug|Any CPU.Build.0 = Debug|Any CPU
		{664D354A-560E-4B92-89BE-DDD2A5A05B47}.Release|Any CPU.ActiveCfg = Release|Any CPU
		{664D354A-560E-4B92-89BE-DDD2A5A05B47}.Release|Any CPU.Build.0 = Release|Any CPU
	EndGlobalSection
	GlobalSection(SolutionProperties) = preSolution
		HideSolutionNode = FALSE
	EndGlobalSection
	GlobalSection(ExtensibilityGlobals) = postSolution
		SolutionGuid = {59773912-40EE-4A11-849C-2380B65BEF99}
	EndGlobalSection
EndGlobal
