
Microsoft Visual Studio Solution File, Format Version 12.00
# Visual Studio Version 17
VisualStudioVersion = 17.0.32014.148
MinimumVisualStudioVersion = 10.0.40219.1
Project("{FAE04EC0-301F-11D3-BF4B-00C04F79EFBC}") = "csudh", "csudh\csudh.csproj", "{D926A4A0-C720-468A-AA51-D01DC0CE616E}"
EndProject
Global
	GlobalSection(SolutionConfigurationPlatforms) = preSolution
		Debug|Any CPU = Debug|Any CPU
		Release|Any CPU = Release|Any CPU
	EndGlobalSection
	GlobalSection(ProjectConfigurationPlatforms) = postSolution
		{D926A4A0-C720-468A-AA51-D01DC0CE616E}.Debug|Any CPU.ActiveCfg = Debug|Any CPU
		{D926A4A0-C720-468A-AA51-D01DC0CE616E}.Debug|Any CPU.Build.0 = Debug|Any CPU
		{D926A4A0-C720-468A-AA51-D01DC0CE616E}.Release|Any CPU.ActiveCfg = Release|Any CPU
		{D926A4A0-C720-468A-AA51-D01DC0CE616E}.Release|Any CPU.Build.0 = Release|Any CPU
	EndGlobalSection
	GlobalSection(SolutionProperties) = preSolution
		HideSolutionNode = FALSE
	EndGlobalSection
	GlobalSection(ExtensibilityGlobals) = postSolution
		SolutionGuid = {483FCA67-EEF4-48A4-9662-D69A223CD085}
	EndGlobalSection
EndGlobal
