
Microsoft Visual Studio Solution File, Format Version 12.00
# Visual Studio Version 17
VisualStudioVersion = 17.0.32014.148
MinimumVisualStudioVersion = 10.0.40219.1
Project("{FAE04EC0-301F-11D3-BF4B-00C04F79EFBC}") = "FIFAvilagranglista", "FIFAvilagranglista\FIFAvilagranglista.csproj", "{44A8C764-81AA-4C06-938A-F13EA826DD03}"
EndProject
Global
	GlobalSection(SolutionConfigurationPlatforms) = preSolution
		Debug|Any CPU = Debug|Any CPU
		Release|Any CPU = Release|Any CPU
	EndGlobalSection
	GlobalSection(ProjectConfigurationPlatforms) = postSolution
		{44A8C764-81AA-4C06-938A-F13EA826DD03}.Debug|Any CPU.ActiveCfg = Debug|Any CPU
		{44A8C764-81AA-4C06-938A-F13EA826DD03}.Debug|Any CPU.Build.0 = Debug|Any CPU
		{44A8C764-81AA-4C06-938A-F13EA826DD03}.Release|Any CPU.ActiveCfg = Release|Any CPU
		{44A8C764-81AA-4C06-938A-F13EA826DD03}.Release|Any CPU.Build.0 = Release|Any CPU
	EndGlobalSection
	GlobalSection(SolutionProperties) = preSolution
		HideSolutionNode = FALSE
	EndGlobalSection
	GlobalSection(ExtensibilityGlobals) = postSolution
		SolutionGuid = {DD663CCD-3B28-40DF-AB49-22A29338F5DF}
	EndGlobalSection
EndGlobal
