
Microsoft Visual Studio Solution File, Format Version 12.00
# Visual Studio Version 17
VisualStudioVersion = 17.0.32014.148
MinimumVisualStudioVersion = 10.0.40219.1
Project("{FAE04EC0-301F-11D3-BF4B-00C04F79EFBC}") = "Hianyzasok", "Hianyzasok\Hianyzasok.csproj", "{B72FF5F2-BC79-4B80-ACE8-AAE1C91C7176}"
EndProject
Global
	GlobalSection(SolutionConfigurationPlatforms) = preSolution
		Debug|Any CPU = Debug|Any CPU
		Release|Any CPU = Release|Any CPU
	EndGlobalSection
	GlobalSection(ProjectConfigurationPlatforms) = postSolution
		{B72FF5F2-BC79-4B80-ACE8-AAE1C91C7176}.Debug|Any CPU.ActiveCfg = Debug|Any CPU
		{B72FF5F2-BC79-4B80-ACE8-AAE1C91C7176}.Debug|Any CPU.Build.0 = Debug|Any CPU
		{B72FF5F2-BC79-4B80-ACE8-AAE1C91C7176}.Release|Any CPU.ActiveCfg = Release|Any CPU
		{B72FF5F2-BC79-4B80-ACE8-AAE1C91C7176}.Release|Any CPU.Build.0 = Release|Any CPU
	EndGlobalSection
	GlobalSection(SolutionProperties) = preSolution
		HideSolutionNode = FALSE
	EndGlobalSection
	GlobalSection(ExtensibilityGlobals) = postSolution
		SolutionGuid = {2B14BE8B-BAE1-4A84-92CB-3918C1E3DCE4}
	EndGlobalSection
EndGlobal
