
Microsoft Visual Studio Solution File, Format Version 12.00
# Visual Studio Version 17
VisualStudioVersion = 17.0.32014.148
MinimumVisualStudioVersion = 10.0.40219.1
Project("{FAE04EC0-301F-11D3-BF4B-00C04F79EFBC}") = "HegyekMo", "HegyekMo\HegyekMo.csproj", "{C1E2532B-AA3B-4B3C-909B-BD1B5F908A05}"
EndProject
Global
	GlobalSection(SolutionConfigurationPlatforms) = preSolution
		Debug|Any CPU = Debug|Any CPU
		Release|Any CPU = Release|Any CPU
	EndGlobalSection
	GlobalSection(ProjectConfigurationPlatforms) = postSolution
		{C1E2532B-AA3B-4B3C-909B-BD1B5F908A05}.Debug|Any CPU.ActiveCfg = Debug|Any CPU
		{C1E2532B-AA3B-4B3C-909B-BD1B5F908A05}.Debug|Any CPU.Build.0 = Debug|Any CPU
		{C1E2532B-AA3B-4B3C-909B-BD1B5F908A05}.Release|Any CPU.ActiveCfg = Release|Any CPU
		{C1E2532B-AA3B-4B3C-909B-BD1B5F908A05}.Release|Any CPU.Build.0 = Release|Any CPU
	EndGlobalSection
	GlobalSection(SolutionProperties) = preSolution
		HideSolutionNode = FALSE
	EndGlobalSection
	GlobalSection(ExtensibilityGlobals) = postSolution
		SolutionGuid = {80F7F3FA-C97E-45FF-B5BD-8485BCBCD590}
	EndGlobalSection
EndGlobal
