
Microsoft Visual Studio Solution File, Format Version 12.00
# Visual Studio Version 17
VisualStudioVersion = 17.0.32014.148
MinimumVisualStudioVersion = 10.0.40219.1
Project("{FAE04EC0-301F-11D3-BF4B-00C04F79EFBC}") = "EU", "EU\EU.csproj", "{95559E55-A2C2-4509-B558-311335E899A1}"
EndProject
Global
	GlobalSection(SolutionConfigurationPlatforms) = preSolution
		Debug|Any CPU = Debug|Any CPU
		Release|Any CPU = Release|Any CPU
	EndGlobalSection
	GlobalSection(ProjectConfigurationPlatforms) = postSolution
		{95559E55-A2C2-4509-B558-311335E899A1}.Debug|Any CPU.ActiveCfg = Debug|Any CPU
		{95559E55-A2C2-4509-B558-311335E899A1}.Debug|Any CPU.Build.0 = Debug|Any CPU
		{95559E55-A2C2-4509-B558-311335E899A1}.Release|Any CPU.ActiveCfg = Release|Any CPU
		{95559E55-A2C2-4509-B558-311335E899A1}.Release|Any CPU.Build.0 = Release|Any CPU
	EndGlobalSection
	GlobalSection(SolutionProperties) = preSolution
		HideSolutionNode = FALSE
	EndGlobalSection
	GlobalSection(ExtensibilityGlobals) = postSolution
		SolutionGuid = {188CD0A3-FCA4-49B1-A955-AD4DC187B386}
	EndGlobalSection
EndGlobal
