
Microsoft Visual Studio Solution File, Format Version 12.00
# Visual Studio Version 17
VisualStudioVersion = 17.0.32014.148
MinimumVisualStudioVersion = 10.0.40219.1
Project("{FAE04EC0-301F-11D3-BF4B-00C04F79EFBC}") = "AutoVerseny", "AutoVerseny\AutoVerseny.csproj", "{312317F6-2B29-4626-89C4-1AB8292D0E20}"
EndProject
Global
	GlobalSection(SolutionConfigurationPlatforms) = preSolution
		Debug|Any CPU = Debug|Any CPU
		Release|Any CPU = Release|Any CPU
	EndGlobalSection
	GlobalSection(ProjectConfigurationPlatforms) = postSolution
		{312317F6-2B29-4626-89C4-1AB8292D0E20}.Debug|Any CPU.ActiveCfg = Debug|Any CPU
		{312317F6-2B29-4626-89C4-1AB8292D0E20}.Debug|Any CPU.Build.0 = Debug|Any CPU
		{312317F6-2B29-4626-89C4-1AB8292D0E20}.Release|Any CPU.ActiveCfg = Release|Any CPU
		{312317F6-2B29-4626-89C4-1AB8292D0E20}.Release|Any CPU.Build.0 = Release|Any CPU
	EndGlobalSection
	GlobalSection(SolutionProperties) = preSolution
		HideSolutionNode = FALSE
	EndGlobalSection
	GlobalSection(ExtensibilityGlobals) = postSolution
		SolutionGuid = {52B12307-5676-4E3D-B241-EC7CBFF91950}
	EndGlobalSection
EndGlobal
